{
  "name": "Admin-Dashboard",
  "lockfileVersion": 3,
  "requires": true,
  "packages": {
    "": {
      "dependencies": {
        "@mdi/svg": "^7.4.47"
      }
    },
    "node_modules/@mdi/svg": {
      "version": "7.4.47",
      "resolved": "https://registry.npmjs.org/@mdi/svg/-/svg-7.4.47.tgz",
      "integrity": "sha512-WQ2gDll12T9WD34fdRFgQVgO8bag3gavrAgJ0frN4phlwdJARpE6gO1YvLEMJR0KKgoc+/Ea/A0Pp11I00xBvw==",
      "license": "Apache-2.0"
    }
  }
}
